
Microsoft Visual Studio Solution File, Format Version 12.00
# Visual Studio Version 16
VisualStudioVersion = 16.0.30011.22
MinimumVisualStudioVersion = 10.0.40219.1
Project("{FAE04EC0-301F-11D3-BF4B-00C04F79EFBC}") = "001", "001.csproj", "{F0D7B095-36B5-4B11-84CB-F8382A70B29A}"
EndProject
Global
	GlobalSection(SolutionConfigurationPlatforms) = preSolution
		Debug|Any CPU = Debug|Any CPU
		Release|Any CPU = Release|Any CPU
	EndGlobalSection
	GlobalSection(ProjectConfigurationPlatforms) = postSolution
		{F0D7B095-36B5-4B11-84CB-F8382A70B29A}.Debug|Any CPU.ActiveCfg = Debug|Any CPU
		{F0D7B095-36B5-4B11-84CB-F8382A70B29A}.Debug|Any CPU.Build.0 = Debug|Any CPU
		{F0D7B095-36B5-4B11-84CB-F8382A70B29A}.Release|Any CPU.ActiveCfg = Release|Any CPU
		{F0D7B095-36B5-4B11-84CB-F8382A70B29A}.Release|Any CPU.Build.0 = Release|Any CPU
	EndGlobalSection
	GlobalSection(SolutionProperties) = preSolution
		HideSolutionNode = FALSE
	EndGlobalSection
	GlobalSection(ExtensibilityGlobals) = postSolution
		SolutionGuid = {D2D0B347-E072-4DB2-A06D-C58ED03E6415}
	EndGlobalSection
EndGlobal
